// !$*UTF8*$!
{
	archiveVersion = 1;
	classes = {
	};
	objectVersion = 56;
	objects = {

/* Begin PBXBuildFile section */
		D205E9072A69CB3000E7D0A5 /* GoogleMapsBase.xcframework in Frameworks */ = {isa = PBXBuildFile; fileRef = D205E9062A69CB3000E7D0A5 /* GoogleMapsBase.xcframework */; };
		D205E90A2A69CB3F00E7D0A5 /* GoogleMaps.xcframework in Frameworks */ = {isa = PBXBuildFile; fileRef = D205E9082A69CB3F00E7D0A5 /* GoogleMaps.xcframework */; };
		D205E90B2A69CB3F00E7D0A5 /* GoogleMapsCore.xcframework in Frameworks */ = {isa = PBXBuildFile; fileRef = D205E9092A69CB3F00E7D0A5 /* GoogleMapsCore.xcframework */; };
		D205E90D2A69CB5900E7D0A5 /* GoogleMaps.bundle in Resources */ = {isa = PBXBuildFile; fileRef = D205E90C2A69CB5900E7D0A5 /* GoogleMaps.bundle */; };
		D205E9102A69CB7600E7D0A5 /* Accelerate.framework in Frameworks */ = {isa = PBXBuildFile; fileRef = D205E90F2A69CB7600E7D0A5 /* Accelerate.framework */; };
		D205E9122A69CB7D00E7D0A5 /* CoreData.framework in Frameworks */ = {isa = PBXBuildFile; fileRef = D205E9112A69CB7D00E7D0A5 /* CoreData.framework */; };
		D205E9142A69CB8500E7D0A5 /* CoreGraphics.framework in Frameworks */ = {isa = PBXBuildFile; fileRef = D205E9132A69CB8500E7D0A5 /* CoreGraphics.framework */; };
		D205E9162A69CB8A00E7D0A5 /* CoreImage.framework in Frameworks */ = {isa = PBXBuildFile; fileRef = D205E9152A69CB8A00E7D0A5 /* CoreImage.framework */; };
		D205E9182A69CB9300E7D0A5 /* CoreLocation.framework in Frameworks */ = {isa = PBXBuildFile; fileRef = D205E9172A69CB9300E7D0A5 /* CoreLocation.framework */; };
		D205E91A2A69CB9900E7D0A5 /* CoreTelephony.framework in Frameworks */ = {isa = PBXBuildFile; fileRef = D205E9192A69CB9900E7D0A5 /* CoreTelephony.framework */; };
		D205E91C2A69CB9E00E7D0A5 /* CoreText.framework in Frameworks */ = {isa = PBXBuildFile; fileRef = D205E91B2A69CB9E00E7D0A5 /* CoreText.framework */; };
		D205E91E2A69CBA500E7D0A5 /* GLKit.framework in Frameworks */ = {isa = PBXBuildFile; fileRef = D205E91D2A69CBA500E7D0A5 /* GLKit.framework */; };
		D205E9202A69CBAB00E7D0A5 /* ImageIO.framework in Frameworks */ = {isa = PBXBuildFile; fileRef = D205E91F2A69CBAB00E7D0A5 /* ImageIO.framework */; };
		D205E9222A69CBB300E7D0A5 /* libc++.tbd in Frameworks */ = {isa = PBXBuildFile; fileRef = D205E9212A69CBB300E7D0A5 /* libc++.tbd */; };
		D205E9242A69CBB900E7D0A5 /* libz.tbd in Frameworks */ = {isa = PBXBuildFile; fileRef = D205E9232A69CBB900E7D0A5 /* libz.tbd */; };
		D205E9262A69CBC100E7D0A5 /* Metal.framework in Frameworks */ = {isa = PBXBuildFile; fileRef = D205E9252A69CBC100E7D0A5 /* Metal.framework */; };
		D205E9282A69CBCA00E7D0A5 /* OpenGLES.framework in Frameworks */ = {isa = PBXBuildFile; fileRef = D205E9272A69CBCA00E7D0A5 /* OpenGLES.framework */; };
		D205E92A2A69CBD600E7D0A5 /* QuartzCore.framework in Frameworks */ = {isa = PBXBuildFile; fileRef = D205E9292A69CBD600E7D0A5 /* QuartzCore.framework */; };
		D205E92C2A69CBDC00E7D0A5 /* SystemConfiguration.framework in Frameworks */ = {isa = PBXBuildFile; fileRef = D205E92B2A69CBDC00E7D0A5 /* SystemConfiguration.framework */; };
		D205E92E2A69CBE100E7D0A5 /* UIKit.framework in Frameworks */ = {isa = PBXBuildFile; fileRef = D205E92D2A69CBE100E7D0A5 /* UIKit.framework */; };
		D205E9302A69CCB500E7D0A5 /* MapViewController.swift in Sources */ = {isa = PBXBuildFile; fileRef = D205E92F2A69CCB500E7D0A5 /* MapViewController.swift */; };
		D205E9322A6A4A6F00E7D0A5 /* MapInfoModel.swift in Sources */ = {isa = PBXBuildFile; fileRef = D205E9312A6A4A6F00E7D0A5 /* MapInfoModel.swift */; };
		D22A57CA2A6B107900B5E55B /* MapTableViewCell.swift in Sources */ = {isa = PBXBuildFile; fileRef = D22A57C92A6B107900B5E55B /* MapTableViewCell.swift */; };
		D22A57CC2A6B108600B5E55B /* LocationInfoCell.swift in Sources */ = {isa = PBXBuildFile; fileRef = D22A57CB2A6B108600B5E55B /* LocationInfoCell.swift */; };
		D22D8A8F2A646B100015CB24 /* CollectionViewCell.swift in Sources */ = {isa = PBXBuildFile; fileRef = D22D8A8E2A646B100015CB24 /* CollectionViewCell.swift */; };
		D231BA6A2A63CAF5009D0B82 /* RegisterViewController.swift in Sources */ = {isa = PBXBuildFile; fileRef = D231BA692A63CAF5009D0B82 /* RegisterViewController.swift */; };
		D231BA712A63CC3A009D0B82 /* Asset.xcassets in Resources */ = {isa = PBXBuildFile; fileRef = D231BA702A63CC3A009D0B82 /* Asset.xcassets */; };
		D231BA732A642721009D0B82 /* FindPasswordViewController.swift in Sources */ = {isa = PBXBuildFile; fileRef = D231BA722A642721009D0B82 /* FindPasswordViewController.swift */; };
		D231BA752A642876009D0B82 /* Home.storyboard in Resources */ = {isa = PBXBuildFile; fileRef = D231BA742A642876009D0B82 /* Home.storyboard */; };
		D231BA772A6428C8009D0B82 /* HomeViewController.swift in Sources */ = {isa = PBXBuildFile; fileRef = D231BA762A6428C8009D0B82 /* HomeViewController.swift */; };
		D2323EDE2A6547B60040F165 /* SummaryViewController.swift in Sources */ = {isa = PBXBuildFile; fileRef = D2323EDD2A6547B60040F165 /* SummaryViewController.swift */; };
		D2323EE02A6564B80040F165 /* UserInfoModel.swift in Sources */ = {isa = PBXBuildFile; fileRef = D2323EDF2A6564B80040F165 /* UserInfoModel.swift */; };
		D2323EE22A6577730040F165 /* TravelNameViewController.swift in Sources */ = {isa = PBXBuildFile; fileRef = D2323EE12A6577730040F165 /* TravelNameViewController.swift */; };
		D2323EE42A657D110040F165 /* TravelNameModel.swift in Sources */ = {isa = PBXBuildFile; fileRef = D2323EE32A657D110040F165 /* TravelNameModel.swift */; };
		D2323EE62A658B390040F165 /* DayLogViewController.swift in Sources */ = {isa = PBXBuildFile; fileRef = D2323EE52A658B390040F165 /* DayLogViewController.swift */; };
		D2323EE82A6656FE0040F165 /* LocationInfoModel.swift in Sources */ = {isa = PBXBuildFile; fileRef = D2323EE72A6656FE0040F165 /* LocationInfoModel.swift */; };
		D2323EEA2A6669FD0040F165 /* StaticModel.swift in Sources */ = {isa = PBXBuildFile; fileRef = D2323EE92A6669FD0040F165 /* StaticModel.swift */; };
		D2323EEE2A6677D30040F165 /* DayLogcollectionViewCell.swift in Sources */ = {isa = PBXBuildFile; fileRef = D2323EED2A6677D30040F165 /* DayLogcollectionViewCell.swift */; };
		D25343A92A673D9D007558CD /* TotalViewController.swift in Sources */ = {isa = PBXBuildFile; fileRef = D25343A82A673D9D007558CD /* TotalViewController.swift */; };
		D25343AB2A673F51007558CD /* TravelInfoModel.swift in Sources */ = {isa = PBXBuildFile; fileRef = D25343AA2A673F51007558CD /* TravelInfoModel.swift */; };
		D25343AD2A67B146007558CD /* TotalTableViewCell.swift in Sources */ = {isa = PBXBuildFile; fileRef = D25343AC2A67B146007558CD /* TotalTableViewCell.swift */; };
		D2541F652A5DA1E0000AC372 /* BSImagePicker in Frameworks */ = {isa = PBXBuildFile; productRef = D2541F642A5DA1E0000AC372 /* BSImagePicker */; };
		D2541F702A5E6B75000AC372 /* APIConstants.swift in Sources */ = {isa = PBXBuildFile; fileRef = D2541F6F2A5E6B75000AC372 /* APIConstants.swift */; };
		D2541F722A5E6FBC000AC372 /* NetworkResult.swift in Sources */ = {isa = PBXBuildFile; fileRef = D2541F712A5E6FBC000AC372 /* NetworkResult.swift */; };
		D2541F742A5E704B000AC372 /* SingupModel.swift in Sources */ = {isa = PBXBuildFile; fileRef = D2541F732A5E704B000AC372 /* SingupModel.swift */; };
		D2541F782A5E717A000AC372 /* Sercive.swift in Sources */ = {isa = PBXBuildFile; fileRef = D2541F772A5E717A000AC372 /* Sercive.swift */; };
		D2541F7B2A5E7202000AC372 /* Alamofire in Frameworks */ = {isa = PBXBuildFile; productRef = D2541F7A2A5E7202000AC372 /* Alamofire */; };
		D2541F7F2A5E8145000AC372 /* LoginModel.swift in Sources */ = {isa = PBXBuildFile; fileRef = D2541F7E2A5E8145000AC372 /* LoginModel.swift */; };
		D2541F812A5FC844000AC372 /* DeleteModel.swift in Sources */ = {isa = PBXBuildFile; fileRef = D2541F802A5FC844000AC372 /* DeleteModel.swift */; };
		D2541F872A6044C2000AC372 /* TravelModel.swift in Sources */ = {isa = PBXBuildFile; fileRef = D2541F862A6044C2000AC372 /* TravelModel.swift */; };
		D2541F892A604BBA000AC372 /* PhotoSaveModel.swift in Sources */ = {isa = PBXBuildFile; fileRef = D2541F882A604BBA000AC372 /* PhotoSaveModel.swift */; };
		D2541F8B2A610561000AC372 /* CalculateModel.swift in Sources */ = {isa = PBXBuildFile; fileRef = D2541F8A2A610561000AC372 /* CalculateModel.swift */; };
		D2541F8D2A612259000AC372 /* testmodel.swift in Sources */ = {isa = PBXBuildFile; fileRef = D2541F8C2A612259000AC372 /* testmodel.swift */; };
		D2541FB82A627D62000AC372 /* LoginViewController.swift in Sources */ = {isa = PBXBuildFile; fileRef = D2541FB72A627D62000AC372 /* LoginViewController.swift */; };
		D29BD94D2A5D970C0010587C /* AppDelegate.swift in Sources */ = {isa = PBXBuildFile; fileRef = D29BD94C2A5D970C0010587C /* AppDelegate.swift */; };
		D29BD94F2A5D970C0010587C /* SceneDelegate.swift in Sources */ = {isa = PBXBuildFile; fileRef = D29BD94E2A5D970C0010587C /* SceneDelegate.swift */; };
		D29BD9542A5D970C0010587C /* Main.storyboard in Resources */ = {isa = PBXBuildFile; fileRef = D29BD9522A5D970C0010587C /* Main.storyboard */; };
		D29BD9592A5D970D0010587C /* LaunchScreen.storyboard in Resources */ = {isa = PBXBuildFile; fileRef = D29BD9572A5D970D0010587C /* LaunchScreen.storyboard */; };
		D2CFEEAC2A6C755B000BAC7A /* SummaryViewCollectionViewCell.swift in Sources */ = {isa = PBXBuildFile; fileRef = D2CFEEAB2A6C755B000BAC7A /* SummaryViewCollectionViewCell.swift */; };
		D2CFEEAF2A6E04CF000BAC7A /* Kingfisher in Frameworks */ = {isa = PBXBuildFile; productRef = D2CFEEAE2A6E04CF000BAC7A /* Kingfisher */; };
		D2E14D262A6FFD96000D2CF0 /* Pretendard-Bold.otf in Resources */ = {isa = PBXBuildFile; fileRef = D2E14D232A6FFC64000D2CF0 /* Pretendard-Bold.otf */; };
		D2E14D272A6FFD9A000D2CF0 /* Pretendard-ExtraBold.otf in Resources */ = {isa = PBXBuildFile; fileRef = D2E14D242A6FFC64000D2CF0 /* Pretendard-ExtraBold.otf */; };
		D2E14D282A6FFD9E000D2CF0 /* Pretendard-Regular.otf in Resources */ = {isa = PBXBuildFile; fileRef = D2E14D252A6FFC64000D2CF0 /* Pretendard-Regular.otf */; };
		D2E14D2A2A70022E000D2CF0 /* HomeCell.swift in Sources */ = {isa = PBXBuildFile; fileRef = D2E14D292A70022E000D2CF0 /* HomeCell.swift */; };
		D2E14D2C2A700CAA000D2CF0 /* TravelAPIModel.swift in Sources */ = {isa = PBXBuildFile; fileRef = D2E14D2B2A700CAA000D2CF0 /* TravelAPIModel.swift */; };
		D2E14D2E2A708D07000D2CF0 /* HomeNameViewController.swift in Sources */ = {isa = PBXBuildFile; fileRef = D2E14D2D2A708D07000D2CF0 /* HomeNameViewController.swift */; };
		D2E14D302A7091E0000D2CF0 /* TravelAPINameModel.swift in Sources */ = {isa = PBXBuildFile; fileRef = D2E14D2F2A7091E0000D2CF0 /* TravelAPINameModel.swift */; };
		D2E14D322A709E10000D2CF0 /* TotalMapViewController.swift in Sources */ = {isa = PBXBuildFile; fileRef = D2E14D312A709E10000D2CF0 /* TotalMapViewController.swift */; };
/* End PBXBuildFile section */

/* Begin PBXFileReference section */
		D205E9062A69CB3000E7D0A5 /* GoogleMapsBase.xcframework */ = {isa = PBXFileReference; lastKnownFileType = wrapper.xcframework; path = GoogleMapsBase.xcframework; sourceTree = "<group>"; };
		D205E9082A69CB3F00E7D0A5 /* GoogleMaps.xcframework */ = {isa = PBXFileReference; lastKnownFileType = wrapper.xcframework; path = GoogleMaps.xcframework; sourceTree = "<group>"; };
		D205E9092A69CB3F00E7D0A5 /* GoogleMapsCore.xcframework */ = {isa = PBXFileReference; lastKnownFileType = wrapper.xcframework; path = GoogleMapsCore.xcframework; sourceTree = "<group>"; };
		D205E90C2A69CB5900E7D0A5 /* GoogleMaps.bundle */ = {isa = PBXFileReference; lastKnownFileType = "wrapper.plug-in"; name = GoogleMaps.bundle; path = "GoogleMaps.xcframework/ios-arm64/GoogleMaps.framework/Resources/GoogleMaps.bundle"; sourceTree = "<group>"; };
		D205E90F2A69CB7600E7D0A5 /* Accelerate.framework */ = {isa = PBXFileReference; lastKnownFileType = wrapper.framework; name = Accelerate.framework; path = System/Library/Frameworks/Accelerate.framework; sourceTree = SDKROOT; };
		D205E9112A69CB7D00E7D0A5 /* CoreData.framework */ = {isa = PBXFileReference; lastKnownFileType = wrapper.framework; name = CoreData.framework; path = System/Library/Frameworks/CoreData.framework; sourceTree = SDKROOT; };
		D205E9132A69CB8500E7D0A5 /* CoreGraphics.framework */ = {isa = PBXFileReference; lastKnownFileType = wrapper.framework; name = CoreGraphics.framework; path = System/Library/Frameworks/CoreGraphics.framework; sourceTree = SDKROOT; };
		D205E9152A69CB8A00E7D0A5 /* CoreImage.framework */ = {isa = PBXFileReference; lastKnownFileType = wrapper.framework; name = CoreImage.framework; path = System/Library/Frameworks/CoreImage.framework; sourceTree = SDKROOT; };
		D205E9172A69CB9300E7D0A5 /* CoreLocation.framework */ = {isa = PBXFileReference; lastKnownFileType = wrapper.framework; name = CoreLocation.framework; path = System/Library/Frameworks/CoreLocation.framework; sourceTree = SDKROOT; };
		D205E9192A69CB9900E7D0A5 /* CoreTelephony.framework */ = {isa = PBXFileReference; lastKnownFileType = wrapper.framework; name = CoreTelephony.framework; path = System/Library/Frameworks/CoreTelephony.framework; sourceTree = SDKROOT; };
		D205E91B2A69CB9E00E7D0A5 /* CoreText.framework */ = {isa = PBXFileReference; lastKnownFileType = wrapper.framework; name = CoreText.framework; path = System/Library/Frameworks/CoreText.framework; sourceTree = SDKROOT; };
		D205E91D2A69CBA500E7D0A5 /* GLKit.framework */ = {isa = PBXFileReference; lastKnownFileType = wrapper.framework; name = GLKit.framework; path = System/Library/Frameworks/GLKit.framework; sourceTree = SDKROOT; };
		D205E91F2A69CBAB00E7D0A5 /* ImageIO.framework */ = {isa = PBXFileReference; lastKnownFileType = wrapper.framework; name = ImageIO.framework; path = System/Library/Frameworks/ImageIO.framework; sourceTree = SDKROOT; };
		D205E9212A69CBB300E7D0A5 /* libc++.tbd */ = {isa = PBXFileReference; lastKnownFileType = "sourcecode.text-based-dylib-definition"; name = "libc++.tbd"; path = "usr/lib/libc++.tbd"; sourceTree = SDKROOT; };
		D205E9232A69CBB900E7D0A5 /* libz.tbd */ = {isa = PBXFileReference; lastKnownFileType = "sourcecode.text-based-dylib-definition"; name = libz.tbd; path = usr/lib/libz.tbd; sourceTree = SDKROOT; };
		D205E9252A69CBC100E7D0A5 /* Metal.framework */ = {isa = PBXFileReference; lastKnownFileType = wrapper.framework; name = Metal.framework; path = System/Library/Frameworks/Metal.framework; sourceTree = SDKROOT; };
		D205E9272A69CBCA00E7D0A5 /* OpenGLES.framework */ = {isa = PBXFileReference; lastKnownFileType = wrapper.framework; name = OpenGLES.framework; path = System/Library/Frameworks/OpenGLES.framework; sourceTree = SDKROOT; };
		D205E9292A69CBD600E7D0A5 /* QuartzCore.framework */ = {isa = PBXFileReference; lastKnownFileType = wrapper.framework; name = QuartzCore.framework; path = System/Library/Frameworks/QuartzCore.framework; sourceTree = SDKROOT; };
		D205E92B2A69CBDC00E7D0A5 /* SystemConfiguration.framework */ = {isa = PBXFileReference; lastKnownFileType = wrapper.framework; name = SystemConfiguration.framework; path = System/Library/Frameworks/SystemConfiguration.framework; sourceTree = SDKROOT; };
		D205E92D2A69CBE100E7D0A5 /* UIKit.framework */ = {isa = PBXFileReference; lastKnownFileType = wrapper.framework; name = UIKit.framework; path = System/Library/Frameworks/UIKit.framework; sourceTree = SDKROOT; };
		D205E92F2A69CCB500E7D0A5 /* MapViewController.swift */ = {isa = PBXFileReference; lastKnownFileType = sourcecode.swift; path = MapViewController.swift; sourceTree = "<group>"; };
		D205E9312A6A4A6F00E7D0A5 /* MapInfoModel.swift */ = {isa = PBXFileReference; lastKnownFileType = sourcecode.swift; path = MapInfoModel.swift; sourceTree = "<group>"; };
		D22A57C92A6B107900B5E55B /* MapTableViewCell.swift */ = {isa = PBXFileReference; lastKnownFileType = sourcecode.swift; path = MapTableViewCell.swift; sourceTree = "<group>"; };
		D22A57CB2A6B108600B5E55B /* LocationInfoCell.swift */ = {isa = PBXFileReference; lastKnownFileType = sourcecode.swift; path = LocationInfoCell.swift; sourceTree = "<group>"; };
		D22D8A8E2A646B100015CB24 /* CollectionViewCell.swift */ = {isa = PBXFileReference; lastKnownFileType = sourcecode.swift; path = CollectionViewCell.swift; sourceTree = "<group>"; };
		D231BA692A63CAF5009D0B82 /* RegisterViewController.swift */ = {isa = PBXFileReference; lastKnownFileType = sourcecode.swift; path = RegisterViewController.swift; sourceTree = "<group>"; };
		D231BA702A63CC3A009D0B82 /* Asset.xcassets */ = {isa = PBXFileReference; lastKnownFileType = folder.assetcatalog; path = Asset.xcassets; sourceTree = "<group>"; };
		D231BA722A642721009D0B82 /* FindPasswordViewController.swift */ = {isa = PBXFileReference; lastKnownFileType = sourcecode.swift; path = FindPasswordViewController.swift; sourceTree = "<group>"; };
		D231BA742A642876009D0B82 /* Home.storyboard */ = {isa = PBXFileReference; lastKnownFileType = file.storyboard; path = Home.storyboard; sourceTree = "<group>"; };
		D231BA762A6428C8009D0B82 /* HomeViewController.swift */ = {isa = PBXFileReference; lastKnownFileType = sourcecode.swift; path = HomeViewController.swift; sourceTree = "<group>"; };
		D2323EDD2A6547B60040F165 /* SummaryViewController.swift */ = {isa = PBXFileReference; lastKnownFileType = sourcecode.swift; path = SummaryViewController.swift; sourceTree = "<group>"; };
		D2323EDF2A6564B80040F165 /* UserInfoModel.swift */ = {isa = PBXFileReference; lastKnownFileType = sourcecode.swift; path = UserInfoModel.swift; sourceTree = "<group>"; };
		D2323EE12A6577730040F165 /* TravelNameViewController.swift */ = {isa = PBXFileReference; lastKnownFileType = sourcecode.swift; path = TravelNameViewController.swift; sourceTree = "<group>"; };
		D2323EE32A657D110040F165 /* TravelNameModel.swift */ = {isa = PBXFileReference; lastKnownFileType = sourcecode.swift; path = TravelNameModel.swift; sourceTree = "<group>"; };
		D2323EE52A658B390040F165 /* DayLogViewController.swift */ = {isa = PBXFileReference; lastKnownFileType = sourcecode.swift; path = DayLogViewController.swift; sourceTree = "<group>"; };
		D2323EE72A6656FE0040F165 /* LocationInfoModel.swift */ = {isa = PBXFileReference; lastKnownFileType = sourcecode.swift; path = LocationInfoModel.swift; sourceTree = "<group>"; };
		D2323EE92A6669FD0040F165 /* StaticModel.swift */ = {isa = PBXFileReference; lastKnownFileType = sourcecode.swift; path = StaticModel.swift; sourceTree = "<group>"; };
		D2323EED2A6677D30040F165 /* DayLogcollectionViewCell.swift */ = {isa = PBXFileReference; lastKnownFileType = sourcecode.swift; path = DayLogcollectionViewCell.swift; sourceTree = "<group>"; };
		D25343A82A673D9D007558CD /* TotalViewController.swift */ = {isa = PBXFileReference; lastKnownFileType = sourcecode.swift; path = TotalViewController.swift; sourceTree = "<group>"; };
		D25343AA2A673F51007558CD /* TravelInfoModel.swift */ = {isa = PBXFileReference; lastKnownFileType = sourcecode.swift; path = TravelInfoModel.swift; sourceTree = "<group>"; };
		D25343AC2A67B146007558CD /* TotalTableViewCell.swift */ = {isa = PBXFileReference; lastKnownFileType = sourcecode.swift; path = TotalTableViewCell.swift; sourceTree = "<group>"; };
		D2541F6F2A5E6B75000AC372 /* APIConstants.swift */ = {isa = PBXFileReference; lastKnownFileType = sourcecode.swift; path = APIConstants.swift; sourceTree = "<group>"; };
		D2541F712A5E6FBC000AC372 /* NetworkResult.swift */ = {isa = PBXFileReference; lastKnownFileType = sourcecode.swift; path = NetworkResult.swift; sourceTree = "<group>"; };
		D2541F732A5E704B000AC372 /* SingupModel.swift */ = {isa = PBXFileReference; lastKnownFileType = sourcecode.swift; path = SingupModel.swift; sourceTree = "<group>"; };
		D2541F772A5E717A000AC372 /* Sercive.swift */ = {isa = PBXFileReference; lastKnownFileType = sourcecode.swift; path = Sercive.swift; sourceTree = "<group>"; };
		D2541F7E2A5E8145000AC372 /* LoginModel.swift */ = {isa = PBXFileReference; lastKnownFileType = sourcecode.swift; path = LoginModel.swift; sourceTree = "<group>"; };
		D2541F802A5FC844000AC372 /* DeleteModel.swift */ = {isa = PBXFileReference; lastKnownFileType = sourcecode.swift; path = DeleteModel.swift; sourceTree = "<group>"; };
		D2541F862A6044C2000AC372 /* TravelModel.swift */ = {isa = PBXFileReference; lastKnownFileType = sourcecode.swift; path = TravelModel.swift; sourceTree = "<group>"; };
		D2541F882A604BBA000AC372 /* PhotoSaveModel.swift */ = {isa = PBXFileReference; lastKnownFileType = sourcecode.swift; path = PhotoSaveModel.swift; sourceTree = "<group>"; };
		D2541F8A2A610561000AC372 /* CalculateModel.swift */ = {isa = PBXFileReference; lastKnownFileType = sourcecode.swift; path = CalculateModel.swift; sourceTree = "<group>"; };
		D2541F8C2A612259000AC372 /* testmodel.swift */ = {isa = PBXFileReference; lastKnownFileType = sourcecode.swift; path = testmodel.swift; sourceTree = "<group>"; };
		D2541FB72A627D62000AC372 /* LoginViewController.swift */ = {isa = PBXFileReference; lastKnownFileType = sourcecode.swift; path = LoginViewController.swift; sourceTree = "<group>"; };
		D29BD9492A5D970C0010587C /* pureLocation.app */ = {isa = PBXFileReference; explicitFileType = wrapper.application; includeInIndex = 0; path = pureLocation.app; sourceTree = BUILT_PRODUCTS_DIR; };
		D29BD94C2A5D970C0010587C /* AppDelegate.swift */ = {isa = PBXFileReference; lastKnownFileType = sourcecode.swift; path = AppDelegate.swift; sourceTree = "<group>"; };
		D29BD94E2A5D970C0010587C /* SceneDelegate.swift */ = {isa = PBXFileReference; lastKnownFileType = sourcecode.swift; path = SceneDelegate.swift; sourceTree = "<group>"; };
		D29BD9532A5D970C0010587C /* Base */ = {isa = PBXFileReference; lastKnownFileType = file.storyboard; name = Base; path = Base.lproj/Main.storyboard; sourceTree = "<group>"; };
		D29BD9582A5D970D0010587C /* Base */ = {isa = PBXFileReference; lastKnownFileType = file.storyboard; name = Base; path = Base.lproj/LaunchScreen.storyboard; sourceTree = "<group>"; };
		D29BD95A2A5D970D0010587C /* Info.plist */ = {isa = PBXFileReference; lastKnownFileType = text.plist.xml; path = Info.plist; sourceTree = "<group>"; };
		D2CFEEAB2A6C755B000BAC7A /* SummaryViewCollectionViewCell.swift */ = {isa = PBXFileReference; lastKnownFileType = sourcecode.swift; path = SummaryViewCollectionViewCell.swift; sourceTree = "<group>"; };
		D2E14D232A6FFC64000D2CF0 /* Pretendard-Bold.otf */ = {isa = PBXFileReference; lastKnownFileType = file; name = "Pretendard-Bold.otf"; path = "Pretendard-1.3.8/public/static/Pretendard-Bold.otf"; sourceTree = SOURCE_ROOT; };
		D2E14D242A6FFC64000D2CF0 /* Pretendard-ExtraBold.otf */ = {isa = PBXFileReference; lastKnownFileType = file; name = "Pretendard-ExtraBold.otf"; path = "Pretendard-1.3.8/public/static/Pretendard-ExtraBold.otf"; sourceTree = SOURCE_ROOT; };
		D2E14D252A6FFC64000D2CF0 /* Pretendard-Regular.otf */ = {isa = PBXFileReference; lastKnownFileType = file; name = "Pretendard-Regular.otf"; path = "Pretendard-1.3.8/public/static/Pretendard-Regular.otf"; sourceTree = SOURCE_ROOT; };
		D2E14D292A70022E000D2CF0 /* HomeCell.swift */ = {isa = PBXFileReference; lastKnownFileType = sourcecode.swift; path = HomeCell.swift; sourceTree = "<group>"; };
		D2E14D2B2A700CAA000D2CF0 /* TravelAPIModel.swift */ = {isa = PBXFileReference; lastKnownFileType = sourcecode.swift; path = TravelAPIModel.swift; sourceTree = "<group>"; };
		D2E14D2D2A708D07000D2CF0 /* HomeNameViewController.swift */ = {isa = PBXFileReference; lastKnownFileType = sourcecode.swift; path = HomeNameViewController.swift; sourceTree = "<group>"; };
		D2E14D2F2A7091E0000D2CF0 /* TravelAPINameModel.swift */ = {isa = PBXFileReference; lastKnownFileType = sourcecode.swift; path = TravelAPINameModel.swift; sourceTree = "<group>"; };
		D2E14D312A709E10000D2CF0 /* TotalMapViewController.swift */ = {isa = PBXFileReference; lastKnownFileType = sourcecode.swift; path = TotalMapViewController.swift; sourceTree = "<group>"; };
/* End PBXFileReference section */

/* Begin PBXFrameworksBuildPhase section */
		D29BD9462A5D970C0010587C /* Frameworks */ = {
			isa = PBXFrameworksBuildPhase;
			buildActionMask = 2147483647;
			files = (
				D205E92E2A69CBE100E7D0A5 /* UIKit.framework in Frameworks */,
				D205E92C2A69CBDC00E7D0A5 /* SystemConfiguration.framework in Frameworks */,
				D205E92A2A69CBD600E7D0A5 /* QuartzCore.framework in Frameworks */,
				D205E9282A69CBCA00E7D0A5 /* OpenGLES.framework in Frameworks */,
				D205E9262A69CBC100E7D0A5 /* Metal.framework in Frameworks */,
				D205E9242A69CBB900E7D0A5 /* libz.tbd in Frameworks */,
				D205E9222A69CBB300E7D0A5 /* libc++.tbd in Frameworks */,
				D205E9202A69CBAB00E7D0A5 /* ImageIO.framework in Frameworks */,
				D2CFEEAF2A6E04CF000BAC7A /* Kingfisher in Frameworks */,
				D205E91E2A69CBA500E7D0A5 /* GLKit.framework in Frameworks */,
				D205E91C2A69CB9E00E7D0A5 /* CoreText.framework in Frameworks */,
				D205E91A2A69CB9900E7D0A5 /* CoreTelephony.framework in Frameworks */,
				D205E9182A69CB9300E7D0A5 /* CoreLocation.framework in Frameworks */,
				D205E9162A69CB8A00E7D0A5 /* CoreImage.framework in Frameworks */,
				D205E9142A69CB8500E7D0A5 /* CoreGraphics.framework in Frameworks */,
				D205E9122A69CB7D00E7D0A5 /* CoreData.framework in Frameworks */,
				D205E9102A69CB7600E7D0A5 /* Accelerate.framework in Frameworks */,
				D2541F652A5DA1E0000AC372 /* BSImagePicker in Frameworks */,
				D205E9072A69CB3000E7D0A5 /* GoogleMapsBase.xcframework in Frameworks */,
				D205E90B2A69CB3F00E7D0A5 /* GoogleMapsCore.xcframework in Frameworks */,
				D2541F7B2A5E7202000AC372 /* Alamofire in Frameworks */,
				D205E90A2A69CB3F00E7D0A5 /* GoogleMaps.xcframework in Frameworks */,
			);
			runOnlyForDeploymentPostprocessing = 0;
		};
/* End PBXFrameworksBuildPhase section */

/* Begin PBXGroup section */
		D205E90E2A69CB7600E7D0A5 /* Frameworks */ = {
			isa = PBXGroup;
			children = (
				D205E92D2A69CBE100E7D0A5 /* UIKit.framework */,
				D205E92B2A69CBDC00E7D0A5 /* SystemConfiguration.framework */,
				D205E9292A69CBD600E7D0A5 /* QuartzCore.framework */,
				D205E9272A69CBCA00E7D0A5 /* OpenGLES.framework */,
				D205E9252A69CBC100E7D0A5 /* Metal.framework */,
				D205E9232A69CBB900E7D0A5 /* libz.tbd */,
				D205E9212A69CBB300E7D0A5 /* libc++.tbd */,
				D205E91F2A69CBAB00E7D0A5 /* ImageIO.framework */,
				D205E91D2A69CBA500E7D0A5 /* GLKit.framework */,
				D205E91B2A69CB9E00E7D0A5 /* CoreText.framework */,
				D205E9192A69CB9900E7D0A5 /* CoreTelephony.framework */,
				D205E9172A69CB9300E7D0A5 /* CoreLocation.framework */,
				D205E9152A69CB8A00E7D0A5 /* CoreImage.framework */,
				D205E9132A69CB8500E7D0A5 /* CoreGraphics.framework */,
				D205E9112A69CB7D00E7D0A5 /* CoreData.framework */,
				D205E90F2A69CB7600E7D0A5 /* Accelerate.framework */,
			);
			name = Frameworks;
			sourceTree = "<group>";
		};
		D22D8A8D2A646AD30015CB24 /* Views */ = {
			isa = PBXGroup;
			children = (
				D22D8A8E2A646B100015CB24 /* CollectionViewCell.swift */,
			);
			path = Views;
			sourceTree = "<group>";
		};
		D2541F662A5DA216000AC372 /* Controller */ = {
			isa = PBXGroup;
			children = (
				D2541FB72A627D62000AC372 /* LoginViewController.swift */,
				D231BA692A63CAF5009D0B82 /* RegisterViewController.swift */,
				D231BA722A642721009D0B82 /* FindPasswordViewController.swift */,
				D231BA762A6428C8009D0B82 /* HomeViewController.swift */,
				D2323EDD2A6547B60040F165 /* SummaryViewController.swift */,
				D2323EE12A6577730040F165 /* TravelNameViewController.swift */,
				D2323EE52A658B390040F165 /* DayLogViewController.swift */,
				D25343A82A673D9D007558CD /* TotalViewController.swift */,
				D205E92F2A69CCB500E7D0A5 /* MapViewController.swift */,
				D2E14D2D2A708D07000D2CF0 /* HomeNameViewController.swift */,
				D2E14D312A709E10000D2CF0 /* TotalMapViewController.swift */,
			);
			path = Controller;
			sourceTree = "<group>";
		};
		D2541F6E2A5E6B5F000AC372 /* Model */ = {
			isa = PBXGroup;
			children = (
				D2541F732A5E704B000AC372 /* SingupModel.swift */,
				D2541F7E2A5E8145000AC372 /* LoginModel.swift */,
				D2541F802A5FC844000AC372 /* DeleteModel.swift */,
				D2541F862A6044C2000AC372 /* TravelModel.swift */,
				D2541F882A604BBA000AC372 /* PhotoSaveModel.swift */,
				D2541F8A2A610561000AC372 /* CalculateModel.swift */,
				D2541F8C2A612259000AC372 /* testmodel.swift */,
				D2323EDF2A6564B80040F165 /* UserInfoModel.swift */,
				D2323EE32A657D110040F165 /* TravelNameModel.swift */,
				D2323EE72A6656FE0040F165 /* LocationInfoModel.swift */,
				D2323EE92A6669FD0040F165 /* StaticModel.swift */,
				D25343AA2A673F51007558CD /* TravelInfoModel.swift */,
				D205E9312A6A4A6F00E7D0A5 /* MapInfoModel.swift */,
				D2E14D2B2A700CAA000D2CF0 /* TravelAPIModel.swift */,
				D2E14D2F2A7091E0000D2CF0 /* TravelAPINameModel.swift */,
			);
			path = Model;
			sourceTree = "<group>";
		};
		D2541F752A5E7158000AC372 /* DataStruct */ = {
			isa = PBXGroup;
			children = (
				D2541F6F2A5E6B75000AC372 /* APIConstants.swift */,
				D2541F712A5E6FBC000AC372 /* NetworkResult.swift */,
				D2323EED2A6677D30040F165 /* DayLogcollectionViewCell.swift */,
				D25343AC2A67B146007558CD /* TotalTableViewCell.swift */,
				D22A57C92A6B107900B5E55B /* MapTableViewCell.swift */,
				D22A57CB2A6B108600B5E55B /* LocationInfoCell.swift */,
				D2CFEEAB2A6C755B000BAC7A /* SummaryViewCollectionViewCell.swift */,
				D2E14D292A70022E000D2CF0 /* HomeCell.swift */,
			);
			path = DataStruct;
			sourceTree = "<group>";
		};
		D2541F762A5E716D000AC372 /* Service */ = {
			isa = PBXGroup;
			children = (
				D2541F772A5E717A000AC372 /* Sercive.swift */,
			);
			path = Service;
			sourceTree = "<group>";
		};
		D2541F8F2A6278E6000AC372 /* Font */ = {
			isa = PBXGroup;
			children = (
				D2E14D232A6FFC64000D2CF0 /* Pretendard-Bold.otf */,
				D2E14D242A6FFC64000D2CF0 /* Pretendard-ExtraBold.otf */,
				D2E14D252A6FFC64000D2CF0 /* Pretendard-Regular.otf */,
			);
			path = Font;
			sourceTree = "<group>";
		};
		D29BD9402A5D970C0010587C = {
			isa = PBXGroup;
			children = (
				D205E90C2A69CB5900E7D0A5 /* GoogleMaps.bundle */,
				D205E9082A69CB3F00E7D0A5 /* GoogleMaps.xcframework */,
				D205E9092A69CB3F00E7D0A5 /* GoogleMapsCore.xcframework */,
				D205E9062A69CB3000E7D0A5 /* GoogleMapsBase.xcframework */,
				D231BA702A63CC3A009D0B82 /* Asset.xcassets */,
				D29BD94B2A5D970C0010587C /* pureLocation */,
				D29BD94A2A5D970C0010587C /* Products */,
				D205E90E2A69CB7600E7D0A5 /* Frameworks */,
			);
			sourceTree = "<group>";
		};
		D29BD94A2A5D970C0010587C /* Products */ = {
			isa = PBXGroup;
			children = (
				D29BD9492A5D970C0010587C /* pureLocation.app */,
			);
			name = Products;
			sourceTree = "<group>";
		};
		D29BD94B2A5D970C0010587C /* pureLocation */ = {
			isa = PBXGroup;
			children = (
				D22D8A8D2A646AD30015CB24 /* Views */,
				D2541F8F2A6278E6000AC372 /* Font */,
				D2541F762A5E716D000AC372 /* Service */,
				D2541F752A5E7158000AC372 /* DataStruct */,
				D2541F6E2A5E6B5F000AC372 /* Model */,
				D29BD94C2A5D970C0010587C /* AppDelegate.swift */,
				D29BD94E2A5D970C0010587C /* SceneDelegate.swift */,
				D29BD9522A5D970C0010587C /* Main.storyboard */,
				D231BA742A642876009D0B82 /* Home.storyboard */,
				D29BD9572A5D970D0010587C /* LaunchScreen.storyboard */,
				D29BD95A2A5D970D0010587C /* Info.plist */,
				D2541F662A5DA216000AC372 /* Controller */,
			);
			path = pureLocation;
			sourceTree = "<group>";
		};
/* End PBXGroup section */

/* Begin PBXNativeTarget section */
		D29BD9482A5D970C0010587C /* pureLocation */ = {
			isa = PBXNativeTarget;
			buildConfigurationList = D29BD95D2A5D970D0010587C /* Build configuration list for PBXNativeTarget "pureLocation" */;
			buildPhases = (
				D29BD9452A5D970C0010587C /* Sources */,
				D29BD9462A5D970C0010587C /* Frameworks */,
				D29BD9472A5D970C0010587C /* Resources */,
			);
			buildRules = (
			);
			dependencies = (
			);
			name = pureLocation;
			packageProductDependencies = (
				D2541F642A5DA1E0000AC372 /* BSImagePicker */,
				D2541F7A2A5E7202000AC372 /* Alamofire */,
				D2CFEEAE2A6E04CF000BAC7A /* Kingfisher */,
			);
			productName = pureLocation;
			productReference = D29BD9492A5D970C0010587C /* pureLocation.app */;
			productType = "com.apple.product-type.application";
		};
/* End PBXNativeTarget section */

/* Begin PBXProject section */
		D29BD9412A5D970C0010587C /* Project object */ = {
			isa = PBXProject;
			attributes = {
				BuildIndependentTargetsInParallel = 1;
				LastSwiftUpdateCheck = 1420;
				LastUpgradeCheck = 1420;
				TargetAttributes = {
					D29BD9482A5D970C0010587C = {
						CreatedOnToolsVersion = 14.2;
					};
				};
			};
			buildConfigurationList = D29BD9442A5D970C0010587C /* Build configuration list for PBXProject "pureLocation" */;
			compatibilityVersion = "Xcode 14.0";
			developmentRegion = en;
			hasScannedForEncodings = 0;
			knownRegions = (
				en,
				Base,
			);
			mainGroup = D29BD9402A5D970C0010587C;
			packageReferences = (
				D2541F632A5DA1E0000AC372 /* XCRemoteSwiftPackageReference "BSImagePicker" */,
				D2541F792A5E7202000AC372 /* XCRemoteSwiftPackageReference "Alamofire" */,
				D2CFEEAD2A6E04CF000BAC7A /* XCRemoteSwiftPackageReference "Kingfisher" */,
			);
			productRefGroup = D29BD94A2A5D970C0010587C /* Products */;
			projectDirPath = "";
			projectRoot = "";
			targets = (
				D29BD9482A5D970C0010587C /* pureLocation */,
			);
		};
/* End PBXProject section */

/* Begin PBXResourcesBuildPhase section */
		D29BD9472A5D970C0010587C /* Resources */ = {
			isa = PBXResourcesBuildPhase;
			buildActionMask = 2147483647;
			files = (
				D231BA712A63CC3A009D0B82 /* Asset.xcassets in Resources */,
				D2E14D262A6FFD96000D2CF0 /* Pretendard-Bold.otf in Resources */,
				D2E14D272A6FFD9A000D2CF0 /* Pretendard-ExtraBold.otf in Resources */,
				D29BD9592A5D970D0010587C /* LaunchScreen.storyboard in Resources */,
				D231BA752A642876009D0B82 /* Home.storyboard in Resources */,
				D2E14D282A6FFD9E000D2CF0 /* Pretendard-Regular.otf in Resources */,
				D205E90D2A69CB5900E7D0A5 /* GoogleMaps.bundle in Resources */,
				D29BD9542A5D970C0010587C /* Main.storyboard in Resources */,
			);
			runOnlyForDeploymentPostprocessing = 0;
		};
/* End PBXResourcesBuildPhase section */

/* Begin PBXSourcesBuildPhase section */
		D29BD9452A5D970C0010587C /* Sources */ = {
			isa = PBXSourcesBuildPhase;
			buildActionMask = 2147483647;
			files = (
				D2541F742A5E704B000AC372 /* SingupModel.swift in Sources */,
				D2541F782A5E717A000AC372 /* Sercive.swift in Sources */,
				D2323EE42A657D110040F165 /* TravelNameModel.swift in Sources */,
				D2323EE82A6656FE0040F165 /* LocationInfoModel.swift in Sources */,
				D231BA6A2A63CAF5009D0B82 /* RegisterViewController.swift in Sources */,
				D22A57CC2A6B108600B5E55B /* LocationInfoCell.swift in Sources */,
				D2541F8B2A610561000AC372 /* CalculateModel.swift in Sources */,
				D205E9322A6A4A6F00E7D0A5 /* MapInfoModel.swift in Sources */,
				D2E14D302A7091E0000D2CF0 /* TravelAPINameModel.swift in Sources */,
				D22D8A8F2A646B100015CB24 /* CollectionViewCell.swift in Sources */,
				D231BA732A642721009D0B82 /* FindPasswordViewController.swift in Sources */,
				D2323EE02A6564B80040F165 /* UserInfoModel.swift in Sources */,
				D2541F702A5E6B75000AC372 /* APIConstants.swift in Sources */,
				D2E14D2E2A708D07000D2CF0 /* HomeNameViewController.swift in Sources */,
				D2541F7F2A5E8145000AC372 /* LoginModel.swift in Sources */,
				D25343AB2A673F51007558CD /* TravelInfoModel.swift in Sources */,
				D2541F812A5FC844000AC372 /* DeleteModel.swift in Sources */,
				D2541F892A604BBA000AC372 /* PhotoSaveModel.swift in Sources */,
				D2323EEE2A6677D30040F165 /* DayLogcollectionViewCell.swift in Sources */,
				D2CFEEAC2A6C755B000BAC7A /* SummaryViewCollectionViewCell.swift in Sources */,
				D2541F872A6044C2000AC372 /* TravelModel.swift in Sources */,
				D2541F8D2A612259000AC372 /* testmodel.swift in Sources */,
				D2323EDE2A6547B60040F165 /* SummaryViewController.swift in Sources */,
				D205E9302A69CCB500E7D0A5 /* MapViewController.swift in Sources */,
				D231BA772A6428C8009D0B82 /* HomeViewController.swift in Sources */,
				D2323EEA2A6669FD0040F165 /* StaticModel.swift in Sources */,
				D25343A92A673D9D007558CD /* TotalViewController.swift in Sources */,
				D2541FB82A627D62000AC372 /* LoginViewController.swift in Sources */,
				D2E14D322A709E10000D2CF0 /* TotalMapViewController.swift in Sources */,
				D25343AD2A67B146007558CD /* TotalTableViewCell.swift in Sources */,
				D2541F722A5E6FBC000AC372 /* NetworkResult.swift in Sources */,
				D2323EE62A658B390040F165 /* DayLogViewController.swift in Sources */,
				D22A57CA2A6B107900B5E55B /* MapTableViewCell.swift in Sources */,
				D2E14D2A2A70022E000D2CF0 /* HomeCell.swift in Sources */,
				D29BD94D2A5D970C0010587C /* AppDelegate.swift in Sources */,
				D29BD94F2A5D970C0010587C /* SceneDelegate.swift in Sources */,
				D2E14D2C2A700CAA000D2CF0 /* TravelAPIModel.swift in Sources */,
				D2323EE22A6577730040F165 /* TravelNameViewController.swift in Sources */,
			);
			runOnlyForDeploymentPostprocessing = 0;
		};
/* End PBXSourcesBuildPhase section */

/* Begin PBXVariantGroup section */
		D29BD9522A5D970C0010587C /* Main.storyboard */ = {
			isa = PBXVariantGroup;
			children = (
				D29BD9532A5D970C0010587C /* Base */,
			);
			name = Main.storyboard;
			sourceTree = "<group>";
		};
		D29BD9572A5D970D0010587C /* LaunchScreen.storyboard */ = {
			isa = PBXVariantGroup;
			children = (
				D29BD9582A5D970D0010587C /* Base */,
			);
			name = LaunchScreen.storyboard;
			sourceTree = "<group>";
		};
/* End PBXVariantGroup section */

/* Begin XCBuildConfiguration section */
		D29BD95B2A5D970D0010587C /* Debug */ = {
			isa = XCBuildConfiguration;
			buildSettings = {
				ALWAYS_SEARCH_USER_PATHS = NO;
				CLANG_ANALYZER_NONNULL = YES;
				CLANG_ANALYZER_NUMBER_OBJECT_CONVERSION = YES_AGGRESSIVE;
				CLANG_CXX_LANGUAGE_STANDARD = "gnu++20";
				CLANG_ENABLE_MODULES = YES;
				CLANG_ENABLE_OBJC_ARC = YES;
				CLANG_ENABLE_OBJC_WEAK = YES;
				CLANG_WARN_BLOCK_CAPTURE_AUTORELEASING = YES;
				CLANG_WARN_BOOL_CONVERSION = YES;
				CLANG_WARN_COMMA = YES;
				CLANG_WARN_CONSTANT_CONVERSION = YES;
				CLANG_WARN_DEPRECATED_OBJC_IMPLEMENTATIONS = YES;
				CLANG_WARN_DIRECT_OBJC_ISA_USAGE = YES_ERROR;
				CLANG_WARN_DOCUMENTATION_COMMENTS = YES;
				CLANG_WARN_EMPTY_BODY = YES;
				CLANG_WARN_ENUM_CONVERSION = YES;
				CLANG_WARN_INFINITE_RECURSION = YES;
				CLANG_WARN_INT_CONVERSION = YES;
				CLANG_WARN_NON_LITERAL_NULL_CONVERSION = YES;
				CLANG_WARN_OBJC_IMPLICIT_RETAIN_SELF = YES;
				CLANG_WARN_OBJC_LITERAL_CONVERSION = YES;
				CLANG_WARN_OBJC_ROOT_CLASS = YES_ERROR;
				CLANG_WARN_QUOTED_INCLUDE_IN_FRAMEWORK_HEADER = YES;
				CLANG_WARN_RANGE_LOOP_ANALYSIS = YES;
				CLANG_WARN_STRICT_PROTOTYPES = YES;
				CLANG_WARN_SUSPICIOUS_MOVE = YES;
				CLANG_WARN_UNGUARDED_AVAILABILITY = YES_AGGRESSIVE;
				CLANG_WARN_UNREACHABLE_CODE = YES;
				CLANG_WARN__DUPLICATE_METHOD_MATCH = YES;
				COPY_PHASE_STRIP = NO;
				DEBUG_INFORMATION_FORMAT = dwarf;
				ENABLE_STRICT_OBJC_MSGSEND = YES;
				ENABLE_TESTABILITY = YES;
				GCC_C_LANGUAGE_STANDARD = gnu11;
				GCC_DYNAMIC_NO_PIC = NO;
				GCC_NO_COMMON_BLOCKS = YES;
				GCC_OPTIMIZATION_LEVEL = 0;
				GCC_PREPROCESSOR_DEFINITIONS = (
					"DEBUG=1",
					"$(inherited)",
				);
				GCC_WARN_64_TO_32_BIT_CONVERSION = YES;
				GCC_WARN_ABOUT_RETURN_TYPE = YES_ERROR;
				GCC_WARN_UNDECLARED_SELECTOR = YES;
				GCC_WARN_UNINITIALIZED_AUTOS = YES_AGGRESSIVE;
				GCC_WARN_UNUSED_FUNCTION = YES;
				GCC_WARN_UNUSED_VARIABLE = YES;
				IPHONEOS_DEPLOYMENT_TARGET = 16.2;
				MTL_ENABLE_DEBUG_INFO = INCLUDE_SOURCE;
				MTL_FAST_MATH = YES;
				ONLY_ACTIVE_ARCH = YES;
				OTHER_LDFLAGS = "-ObjC";
				SDKROOT = iphoneos;
				SWIFT_ACTIVE_COMPILATION_CONDITIONS = DEBUG;
				SWIFT_OPTIMIZATION_LEVEL = "-Onone";
			};
			name = Debug;
		};
		D29BD95C2A5D970D0010587C /* Release */ = {
			isa = XCBuildConfiguration;
			buildSettings = {
				ALWAYS_SEARCH_USER_PATHS = NO;
				CLANG_ANALYZER_NONNULL = YES;
				CLANG_ANALYZER_NUMBER_OBJECT_CONVERSION = YES_AGGRESSIVE;
				CLANG_CXX_LANGUAGE_STANDARD = "gnu++20";
				CLANG_ENABLE_MODULES = YES;
				CLANG_ENABLE_OBJC_ARC = YES;
				CLANG_ENABLE_OBJC_WEAK = YES;
				CLANG_WARN_BLOCK_CAPTURE_AUTORELEASING = YES;
				CLANG_WARN_BOOL_CONVERSION = YES;
				CLANG_WARN_COMMA = YES;
				CLANG_WARN_CONSTANT_CONVERSION = YES;
				CLANG_WARN_DEPRECATED_OBJC_IMPLEMENTATIONS = YES;
				CLANG_WARN_DIRECT_OBJC_ISA_USAGE = YES_ERROR;
				CLANG_WARN_DOCUMENTATION_COMMENTS = YES;
				CLANG_WARN_EMPTY_BODY = YES;
				CLANG_WARN_ENUM_CONVERSION = YES;
				CLANG_WARN_INFINITE_RECURSION = YES;
				CLANG_WARN_INT_CONVERSION = YES;
				CLANG_WARN_NON_LITERAL_NULL_CONVERSION = YES;
				CLANG_WARN_OBJC_IMPLICIT_RETAIN_SELF = YES;
				CLANG_WARN_OBJC_LITERAL_CONVERSION = YES;
				CLANG_WARN_OBJC_ROOT_CLASS = YES_ERROR;
				CLANG_WARN_QUOTED_INCLUDE_IN_FRAMEWORK_HEADER = YES;
				CLANG_WARN_RANGE_LOOP_ANALYSIS = YES;
				CLANG_WARN_STRICT_PROTOTYPES = YES;
				CLANG_WARN_SUSPICIOUS_MOVE = YES;
				CLANG_WARN_UNGUARDED_AVAILABILITY = YES_AGGRESSIVE;
				CLANG_WARN_UNREACHABLE_CODE = YES;
				CLANG_WARN__DUPLICATE_METHOD_MATCH = YES;
				COPY_PHASE_STRIP = NO;
				DEBUG_INFORMATION_FORMAT = "dwarf-with-dsym";
				ENABLE_NS_ASSERTIONS = NO;
				ENABLE_STRICT_OBJC_MSGSEND = YES;
				GCC_C_LANGUAGE_STANDARD = gnu11;
				GCC_NO_COMMON_BLOCKS = YES;
				GCC_WARN_64_TO_32_BIT_CONVERSION = YES;
				GCC_WARN_ABOUT_RETURN_TYPE = YES_ERROR;
				GCC_WARN_UNDECLARED_SELECTOR = YES;
				GCC_WARN_UNINITIALIZED_AUTOS = YES_AGGRESSIVE;
				GCC_WARN_UNUSED_FUNCTION = YES;
				GCC_WARN_UNUSED_VARIABLE = YES;
				IPHONEOS_DEPLOYMENT_TARGET = 16.2;
				MTL_ENABLE_DEBUG_INFO = NO;
				MTL_FAST_MATH = YES;
				OTHER_LDFLAGS = "-ObjC";
				SDKROOT = iphoneos;
				SWIFT_COMPILATION_MODE = wholemodule;
				SWIFT_OPTIMIZATION_LEVEL = "-O";
				VALIDATE_PRODUCT = YES;
			};
			name = Release;
		};
		D29BD95E2A5D970D0010587C /* Debug */ = {
			isa = XCBuildConfiguration;
			buildSettings = {
				ASSETCATALOG_COMPILER_APPICON_NAME = AppIcon;
				ASSETCATALOG_COMPILER_GLOBAL_ACCENT_COLOR_NAME = AccentColor;
				ASSETCATALOG_COMPILER_INCLUDE_ALL_APPICON_ASSETS = YES;
				CODE_SIGN_STYLE = Automatic;
				CURRENT_PROJECT_VERSION = 1;
				DEVELOPMENT_TEAM = FHYRWZCT6D;
				GENERATE_INFOPLIST_FILE = YES;
				INFOPLIST_FILE = pureLocation/Info.plist;
				INFOPLIST_KEY_LSApplicationCategoryType = "";
				INFOPLIST_KEY_NSPhotoLibraryUsageDescription = "사진 수집이 필요합니다";
				INFOPLIST_KEY_UIApplicationSupportsIndirectInputEvents = YES;
				INFOPLIST_KEY_UILaunchStoryboardName = LaunchScreen;
				INFOPLIST_KEY_UIMainStoryboardFile = Main;
				INFOPLIST_KEY_UISupportedInterfaceOrientations_iPad = "UIInterfaceOrientationPortrait UIInterfaceOrientationPortraitUpsideDown UIInterfaceOrientationLandscapeLeft UIInterfaceOrientationLandscapeRight";
				INFOPLIST_KEY_UISupportedInterfaceOrientations_iPhone = "UIInterfaceOrientationPortrait UIInterfaceOrientationLandscapeLeft UIInterfaceOrientationLandscapeRight";
				LD_RUNPATH_SEARCH_PATHS = (
					"$(inherited)",
					"@executable_path/Frameworks",
				);
				MARKETING_VERSION = 1.0;
				PRODUCT_BUNDLE_IDENTIFIER = com.jaehyeok.pureLocation;
				PRODUCT_NAME = "$(TARGET_NAME)";
				SWIFT_EMIT_LOC_STRINGS = YES;
				SWIFT_VERSION = 5.0;
				TARGETED_DEVICE_FAMILY = "1,2";
			};
			name = Debug;
		};
		D29BD95F2A5D970D0010587C /* Release */ = {
			isa = XCBuildConfiguration;
			buildSettings = {
				ASSETCATALOG_COMPILER_APPICON_NAME = AppIcon;
				ASSETCATALOG_COMPILER_GLOBAL_ACCENT_COLOR_NAME = AccentColor;
				ASSETCATALOG_COMPILER_INCLUDE_ALL_APPICON_ASSETS = YES;
				CODE_SIGN_STYLE = Automatic;
				CURRENT_PROJECT_VERSION = 1;
				DEVELOPMENT_TEAM = FHYRWZCT6D;
				GENERATE_INFOPLIST_FILE = YES;
				INFOPLIST_FILE = pureLocation/Info.plist;
				INFOPLIST_KEY_LSApplicationCategoryType = "";
				INFOPLIST_KEY_NSPhotoLibraryUsageDescription = "사진 수집이 필요합니다";
				INFOPLIST_KEY_UIApplicationSupportsIndirectInputEvents = YES;
				INFOPLIST_KEY_UILaunchStoryboardName = LaunchScreen;
				INFOPLIST_KEY_UIMainStoryboardFile = Main;
				INFOPLIST_KEY_UISupportedInterfaceOrientations_iPad = "UIInterfaceOrientationPortrait UIInterfaceOrientationPortraitUpsideDown UIInterfaceOrientationLandscapeLeft UIInterfaceOrientationLandscapeRight";
				INFOPLIST_KEY_UISupportedInterfaceOrientations_iPhone = "UIInterfaceOrientationPortrait UIInterfaceOrientationLandscapeLeft UIInterfaceOrientationLandscapeRight";
				LD_RUNPATH_SEARCH_PATHS = (
					"$(inherited)",
					"@executable_path/Frameworks",
				);
				MARKETING_VERSION = 1.0;
				PRODUCT_BUNDLE_IDENTIFIER = com.jaehyeok.pureLocation;
				PRODUCT_NAME = "$(TARGET_NAME)";
				SWIFT_EMIT_LOC_STRINGS = YES;
				SWIFT_VERSION = 5.0;
				TARGETED_DEVICE_FAMILY = "1,2";
			};
			name = Release;
		};
/* End XCBuildConfiguration section */

/* Begin XCConfigurationList section */
		D29BD9442A5D970C0010587C /* Build configuration list for PBXProject "pureLocation" */ = {
			isa = XCConfigurationList;
			buildConfigurations = (
				D29BD95B2A5D970D0010587C /* Debug */,
				D29BD95C2A5D970D0010587C /* Release */,
			);
			defaultConfigurationIsVisible = 0;
			defaultConfigurationName = Release;
		};
		D29BD95D2A5D970D0010587C /* Build configuration list for PBXNativeTarget "pureLocation" */ = {
			isa = XCConfigurationList;
			buildConfigurations = (
				D29BD95E2A5D970D0010587C /* Debug */,
				D29BD95F2A5D970D0010587C /* Release */,
			);
			defaultConfigurationIsVisible = 0;
			defaultConfigurationName = Release;
		};
/* End XCConfigurationList section */

/* Begin XCRemoteSwiftPackageReference section */
		D2541F632A5DA1E0000AC372 /* XCRemoteSwiftPackageReference "BSImagePicker" */ = {
			isa = XCRemoteSwiftPackageReference;
			repositoryURL = "https://github.com/mikaoj/BSImagePicker.git";
			requirement = {
				branch = master;
				kind = branch;
			};
		};
		D2541F792A5E7202000AC372 /* XCRemoteSwiftPackageReference "Alamofire" */ = {
			isa = XCRemoteSwiftPackageReference;
			repositoryURL = "https://github.com/Alamofire/Alamofire.git";
			requirement = {
				kind = upToNextMajorVersion;
				minimumVersion = 5.0.0;
			};
		};
		D2CFEEAD2A6E04CF000BAC7A /* XCRemoteSwiftPackageReference "Kingfisher" */ = {
			isa = XCRemoteSwiftPackageReference;
			repositoryURL = "https://github.com/onevcat/Kingfisher.git";
			requirement = {
				kind = upToNextMajorVersion;
				minimumVersion = 7.0.0;
			};
		};
/* End XCRemoteSwiftPackageReference section */

/* Begin XCSwiftPackageProductDependency section */
		D2541F642A5DA1E0000AC372 /* BSImagePicker */ = {
			isa = XCSwiftPackageProductDependency;
			package = D2541F632A5DA1E0000AC372 /* XCRemoteSwiftPackageReference "BSImagePicker" */;
			productName = BSImagePicker;
		};
		D2541F7A2A5E7202000AC372 /* Alamofire */ = {
			isa = XCSwiftPackageProductDependency;
			package = D2541F792A5E7202000AC372 /* XCRemoteSwiftPackageReference "Alamofire" */;
			productName = Alamofire;
		};
		D2CFEEAE2A6E04CF000BAC7A /* Kingfisher */ = {
			isa = XCSwiftPackageProductDependency;
			package = D2CFEEAD2A6E04CF000BAC7A /* XCRemoteSwiftPackageReference "Kingfisher" */;
			productName = Kingfisher;
		};
/* End XCSwiftPackageProductDependency section */
	};
	rootObject = D29BD9412A5D970C0010587C /* Project object */;
}
